
Microsoft Visual Studio Solution File, Format Version 12.00
# Visual Studio Version 16
VisualStudioVersion = 16.0.30611.23
MinimumVisualStudioVersion = 10.0.40219.1
Project("{A07B5EB6-E848-4116-A8D0-A826331D98C6}") = "VotingS", "VotingS.sfproj", "{05D8456D-9E67-4017-A02E-34C734B557EA}"
EndProject
Project("{FAE04EC0-301F-11D3-BF4B-00C04F79EFBC}") = "VotingWebS", "..\VotingWebS\VotingWebS.csproj", "{944F8795-B96C-4FD2-81FC-33E7B976B998}"
EndProject
Global
	GlobalSection(SolutionConfigurationPlatforms) = preSolution
		Debug|Any CPU = Debug|Any CPU
		Debug|x64 = Debug|x64
		Release|Any CPU = Release|Any CPU
		Release|x64 = Release|x64
	EndGlobalSection
	GlobalSection(ProjectConfigurationPlatforms) = postSolution
		{05D8456D-9E67-4017-A02E-34C734B557EA}.Debug|Any CPU.ActiveCfg = Debug|x64
		{05D8456D-9E67-4017-A02E-34C734B557EA}.Debug|x64.ActiveCfg = Debug|x64
		{05D8456D-9E67-4017-A02E-34C734B557EA}.Debug|x64.Build.0 = Debug|x64
		{05D8456D-9E67-4017-A02E-34C734B557EA}.Debug|x64.Deploy.0 = Debug|x64
		{05D8456D-9E67-4017-A02E-34C734B557EA}.Release|Any CPU.ActiveCfg = Release|x64
		{05D8456D-9E67-4017-A02E-34C734B557EA}.Release|x64.ActiveCfg = Release|x64
		{05D8456D-9E67-4017-A02E-34C734B557EA}.Release|x64.Build.0 = Release|x64
		{05D8456D-9E67-4017-A02E-34C734B557EA}.Release|x64.Deploy.0 = Release|x64
		{944F8795-B96C-4FD2-81FC-33E7B976B998}.Debug|Any CPU.ActiveCfg = Debug|Any CPU
		{944F8795-B96C-4FD2-81FC-33E7B976B998}.Debug|Any CPU.Build.0 = Debug|Any CPU
		{944F8795-B96C-4FD2-81FC-33E7B976B998}.Debug|x64.ActiveCfg = Debug|Any CPU
		{944F8795-B96C-4FD2-81FC-33E7B976B998}.Debug|x64.Build.0 = Debug|Any CPU
		{944F8795-B96C-4FD2-81FC-33E7B976B998}.Release|Any CPU.ActiveCfg = Release|Any CPU
		{944F8795-B96C-4FD2-81FC-33E7B976B998}.Release|Any CPU.Build.0 = Release|Any CPU
		{944F8795-B96C-4FD2-81FC-33E7B976B998}.Release|x64.ActiveCfg = Release|Any CPU
		{944F8795-B96C-4FD2-81FC-33E7B976B998}.Release|x64.Build.0 = Release|Any CPU
	EndGlobalSection
	GlobalSection(SolutionProperties) = preSolution
		HideSolutionNode = FALSE
	EndGlobalSection
	GlobalSection(ExtensibilityGlobals) = postSolution
		SolutionGuid = {A356DEAA-9841-4C64-9ABC-640D40D5F4B4}
	EndGlobalSection
EndGlobal
