
Microsoft Visual Studio Solution File, Format Version 12.00
# Visual Studio Version 16
VisualStudioVersion = 16.0.30611.23
MinimumVisualStudioVersion = 10.0.40219.1
Project("{A07B5EB6-E848-4116-A8D0-A826331D98C6}") = "NewServiceFabricApp", "NewServiceFabricApp\NewServiceFabricApp.sfproj", "{7C032DEE-A8C1-413C-81B3-D9653ADB8EF9}"
EndProject
Project("{FAE04EC0-301F-11D3-BF4B-00C04F79EFBC}") = "FirstStatelessService", "FirstStatelessService\FirstStatelessService.csproj", "{66C79BB9-9D5E-46FD-9DDA-3CB483DC7507}"
EndProject
Global
	GlobalSection(SolutionConfigurationPlatforms) = preSolution
		Debug|Any CPU = Debug|Any CPU
		Debug|x64 = Debug|x64
		Release|Any CPU = Release|Any CPU
		Release|x64 = Release|x64
	EndGlobalSection
	GlobalSection(ProjectConfigurationPlatforms) = postSolution
		{7C032DEE-A8C1-413C-81B3-D9653ADB8EF9}.Debug|Any CPU.ActiveCfg = Debug|x64
		{7C032DEE-A8C1-413C-81B3-D9653ADB8EF9}.Debug|x64.ActiveCfg = Debug|x64
		{7C032DEE-A8C1-413C-81B3-D9653ADB8EF9}.Debug|x64.Build.0 = Debug|x64
		{7C032DEE-A8C1-413C-81B3-D9653ADB8EF9}.Debug|x64.Deploy.0 = Debug|x64
		{7C032DEE-A8C1-413C-81B3-D9653ADB8EF9}.Release|Any CPU.ActiveCfg = Release|x64
		{7C032DEE-A8C1-413C-81B3-D9653ADB8EF9}.Release|x64.ActiveCfg = Release|x64
		{7C032DEE-A8C1-413C-81B3-D9653ADB8EF9}.Release|x64.Build.0 = Release|x64
		{7C032DEE-A8C1-413C-81B3-D9653ADB8EF9}.Release|x64.Deploy.0 = Release|x64
		{66C79BB9-9D5E-46FD-9DDA-3CB483DC7507}.Debug|Any CPU.ActiveCfg = Debug|Any CPU
		{66C79BB9-9D5E-46FD-9DDA-3CB483DC7507}.Debug|Any CPU.Build.0 = Debug|Any CPU
		{66C79BB9-9D5E-46FD-9DDA-3CB483DC7507}.Debug|x64.ActiveCfg = Debug|Any CPU
		{66C79BB9-9D5E-46FD-9DDA-3CB483DC7507}.Debug|x64.Build.0 = Debug|Any CPU
		{66C79BB9-9D5E-46FD-9DDA-3CB483DC7507}.Release|Any CPU.ActiveCfg = Release|Any CPU
		{66C79BB9-9D5E-46FD-9DDA-3CB483DC7507}.Release|Any CPU.Build.0 = Release|Any CPU
		{66C79BB9-9D5E-46FD-9DDA-3CB483DC7507}.Release|x64.ActiveCfg = Release|Any CPU
		{66C79BB9-9D5E-46FD-9DDA-3CB483DC7507}.Release|x64.Build.0 = Release|Any CPU
	EndGlobalSection
	GlobalSection(SolutionProperties) = preSolution
		HideSolutionNode = FALSE
	EndGlobalSection
	GlobalSection(ExtensibilityGlobals) = postSolution
		SolutionGuid = {E4214080-EE97-4E5F-8F10-64A29A853890}
	EndGlobalSection
EndGlobal
